
Microsoft Visual Studio Solution File, Format Version 12.00
# Visual Studio Version 16
VisualStudioVersion = 16.0.29806.167
MinimumVisualStudioVersion = 10.0.40219.1
Project("{9A19103F-16F7-4668-BE54-9A1E7A4F7556}") = "WebAuthSignalRCookies", "WebAuthentication\WebAuthSignalRCookies.csproj", "{26CA42FA-8F73-4725-B962-76C0F6E33D5F}"
EndProject
Project("{9A19103F-16F7-4668-BE54-9A1E7A4F7556}") = "WebAuthSignalRToken", "WebAuthSignalRToken\WebAuthSignalRToken.csproj", "{78103EBC-0717-4C6C-8AC1-465FAEF4E615}"
EndProject
Project("{9A19103F-16F7-4668-BE54-9A1E7A4F7556}") = "WebAuthJWT", "WebAuthJWT\WebAuthJWT.csproj", "{D07DE139-1CEE-4997-924D-002C485CCB99}"
EndProject
Project("{FAE04EC0-301F-11D3-BF4B-00C04F79EFBC}") = "WebAuthIdentity", "WebAuthIdentity\WebAuthIdentity.csproj", "{011F06DA-5E77-4FD2-BBD5-F4F2B8B5A236}"
EndProject
Global
	GlobalSection(SolutionConfigurationPlatforms) = preSolution
		Debug|Any CPU = Debug|Any CPU
		Release|Any CPU = Release|Any CPU
	EndGlobalSection
	GlobalSection(ProjectConfigurationPlatforms) = postSolution
		{26CA42FA-8F73-4725-B962-76C0F6E33D5F}.Debug|Any CPU.ActiveCfg = Debug|Any CPU
		{26CA42FA-8F73-4725-B962-76C0F6E33D5F}.Debug|Any CPU.Build.0 = Debug|Any CPU
		{26CA42FA-8F73-4725-B962-76C0F6E33D5F}.Release|Any CPU.ActiveCfg = Release|Any CPU
		{26CA42FA-8F73-4725-B962-76C0F6E33D5F}.Release|Any CPU.Build.0 = Release|Any CPU
		{78103EBC-0717-4C6C-8AC1-465FAEF4E615}.Debug|Any CPU.ActiveCfg = Debug|Any CPU
		{78103EBC-0717-4C6C-8AC1-465FAEF4E615}.Debug|Any CPU.Build.0 = Debug|Any CPU
		{78103EBC-0717-4C6C-8AC1-465FAEF4E615}.Release|Any CPU.ActiveCfg = Release|Any CPU
		{78103EBC-0717-4C6C-8AC1-465FAEF4E615}.Release|Any CPU.Build.0 = Release|Any CPU
		{D07DE139-1CEE-4997-924D-002C485CCB99}.Debug|Any CPU.ActiveCfg = Debug|Any CPU
		{D07DE139-1CEE-4997-924D-002C485CCB99}.Debug|Any CPU.Build.0 = Debug|Any CPU
		{D07DE139-1CEE-4997-924D-002C485CCB99}.Release|Any CPU.ActiveCfg = Release|Any CPU
		{D07DE139-1CEE-4997-924D-002C485CCB99}.Release|Any CPU.Build.0 = Release|Any CPU
		{011F06DA-5E77-4FD2-BBD5-F4F2B8B5A236}.Debug|Any CPU.ActiveCfg = Debug|Any CPU
		{011F06DA-5E77-4FD2-BBD5-F4F2B8B5A236}.Debug|Any CPU.Build.0 = Debug|Any CPU
		{011F06DA-5E77-4FD2-BBD5-F4F2B8B5A236}.Release|Any CPU.ActiveCfg = Release|Any CPU
		{011F06DA-5E77-4FD2-BBD5-F4F2B8B5A236}.Release|Any CPU.Build.0 = Release|Any CPU
	EndGlobalSection
	GlobalSection(SolutionProperties) = preSolution
		HideSolutionNode = FALSE
	EndGlobalSection
	GlobalSection(ExtensibilityGlobals) = postSolution
		SolutionGuid = {67D013EE-049D-4B29-A34E-089B9C8B8AC4}
	EndGlobalSection
EndGlobal
